<?xml version="1.0" encoding="utf-8"?>
<Project ToolsVersion="17.0" xmlns="http://schemas.microsoft.com/developer/msbuild/2003">
  <ItemGroup>
    <ClCompile Include="C:\eo_seeker\src\main.cpp">
      <Filter>Source Files</Filter>
    </ClCompile>
    <ClCompile Include="C:\eo_seeker\src\input\VideoInput.cpp">
      <Filter>Source Files</Filter>
    </ClCompile>
    <ClCompile Include="C:\eo_seeker\src\acquisition\AcquisitionManager.cpp">
      <Filter>Source Files</Filter>
    </ClCompile>
    <ClCompile Include="C:\eo_seeker\src\target_tracking\tracker.cpp">
      <Filter>Source Files</Filter>
    </ClCompile>
    <ClCompile Include="C:\eo_seeker\src\fsm\FsmModule.cpp">
      <Filter>Source Files</Filter>
    </ClCompile>
    <ClCompile Include="C:\eo_seeker\src\control\ControlCommand.cpp">
      <Filter>Source Files</Filter>
    </ClCompile>
    <ClCompile Include="C:\eo_seeker\src\preprocessing\Preprocessor.cpp">
      <Filter>Source Files</Filter>
    </ClCompile>
    <ClCompile Include="C:\eo_seeker\src\state_estimation\StateEstimator.cpp">
      <Filter>Source Files</Filter>
    </ClCompile>
    <ClCompile Include="C:\eo_seeker\src\hardware_output\ServoOutput.cpp">
      <Filter>Source Files</Filter>
    </ClCompile>
  </ItemGroup>
  <ItemGroup>
    <CustomBuild Include="C:\eo_seeker\CMakeLists.txt" />
  </ItemGroup>
  <ItemGroup>
    <Filter Include="Source Files">
      <UniqueIdentifier>{CEAF8C15-D5AA-36B4-9999-CB729838D4EC}</UniqueIdentifier>
    </Filter>
  </ItemGroup>
</Project>
